dependencies:
  espressif/esp-dsp:
    component_hash: 619639efc18cfa361a9e423739b9b0ffc14991effc6c027f955c2f2c3bf1754b
    dependencies:
    - name: idf
      require: private
      version: '>=4.2'
    source:
      registry_url: https://components.espressif.com/
      type: service
    version: 1.6.0
  idf:
    source:
      type: idf
    version: 5.4.0
direct_dependencies:
- espressif/esp-dsp
- idf
manifest_hash: bf1cb7b987d6fb7ccfa1b7bb4f5476d2a07c4cafd7a8e72b927c5bd64964b8dd
target: esp32s3
version: 2.0.0
